
Microsoft Visual Studio Solution File, Format Version 12.00
# Visual Studio Version 17
VisualStudioVersion = 17.2.32519.379
MinimumVisualStudioVersion = 10.0.40219.1
Project("{9A19103F-16F7-4668-BE54-9A1E7A4F7556}") = "Checkout.API", "Checkout.API\Checkout.API.csproj", "{78CAB101-AD40-45D2-A1CC-38122A129B5A}"
EndProject
Project("{FAE04EC0-301F-11D3-BF4B-00C04F79EFBC}") = "Checkout.Domain", "Checkout.Domain\Checkout.Domain.csproj", "{C145DB19-22D0-441A-97BE-EDBAE10C6E9E}"
EndProject
Project("{FAE04EC0-301F-11D3-BF4B-00C04F79EFBC}") = "Checkout.Application", "Checkout.Application\Checkout.Application.csproj", "{BD4EFAC9-1896-42B1-A3D3-F5D0E8DDCE93}"
EndProject
Project("{FAE04EC0-301F-11D3-BF4B-00C04F79EFBC}") = "Checkout.Infrastructure", "Checkout.Infrastructure\Checkout.Infrastructure.csproj", "{11A1B65B-7D01-43EB-AA5B-39ADB9180133}"
EndProject
Global
	GlobalSection(SolutionConfigurationPlatforms) = preSolution
		Debug|Any CPU = Debug|Any CPU
		Release|Any CPU = Release|Any CPU
	EndGlobalSection
	GlobalSection(ProjectConfigurationPlatforms) = postSolution
		{78CAB101-AD40-45D2-A1CC-38122A129B5A}.Debug|Any CPU.ActiveCfg = Debug|Any CPU
		{78CAB101-AD40-45D2-A1CC-38122A129B5A}.Debug|Any CPU.Build.0 = Debug|Any CPU
		{78CAB101-AD40-45D2-A1CC-38122A129B5A}.Release|Any CPU.ActiveCfg = Release|Any CPU
		{78CAB101-AD40-45D2-A1CC-38122A129B5A}.Release|Any CPU.Build.0 = Release|Any CPU
		{C145DB19-22D0-441A-97BE-EDBAE10C6E9E}.Debug|Any CPU.ActiveCfg = Debug|Any CPU
		{C145DB19-22D0-441A-97BE-EDBAE10C6E9E}.Debug|Any CPU.Build.0 = Debug|Any CPU
		{C145DB19-22D0-441A-97BE-EDBAE10C6E9E}.Release|Any CPU.ActiveCfg = Release|Any CPU
		{C145DB19-22D0-441A-97BE-EDBAE10C6E9E}.Release|Any CPU.Build.0 = Release|Any CPU
		{BD4EFAC9-1896-42B1-A3D3-F5D0E8DDCE93}.Debug|Any CPU.ActiveCfg = Debug|Any CPU
		{BD4EFAC9-1896-42B1-A3D3-F5D0E8DDCE93}.Debug|Any CPU.Build.0 = Debug|Any CPU
		{BD4EFAC9-1896-42B1-A3D3-F5D0E8DDCE93}.Release|Any CPU.ActiveCfg = Release|Any CPU
		{BD4EFAC9-1896-42B1-A3D3-F5D0E8DDCE93}.Release|Any CPU.Build.0 = Release|Any CPU
		{11A1B65B-7D01-43EB-AA5B-39ADB9180133}.Debug|Any CPU.ActiveCfg = Debug|Any CPU
		{11A1B65B-7D01-43EB-AA5B-39ADB9180133}.Debug|Any CPU.Build.0 = Debug|Any CPU
		{11A1B65B-7D01-43EB-AA5B-39ADB9180133}.Release|Any CPU.ActiveCfg = Release|Any CPU
		{11A1B65B-7D01-43EB-AA5B-39ADB9180133}.Release|Any CPU.Build.0 = Release|Any CPU
	EndGlobalSection
	GlobalSection(SolutionProperties) = preSolution
		HideSolutionNode = FALSE
	EndGlobalSection
	GlobalSection(ExtensibilityGlobals) = postSolution
		SolutionGuid = {AC39EC77-2052-4008-B43A-54D424B1D13E}
	EndGlobalSection
EndGlobal
